Microsoft Visual Studio Solution File, Format Version 12.00
# Visual Studio 2013
VisualStudioVersion = 12.0.30626.0
MinimumVisualStudioVersion = 10.0.40219.1
Project("{FAE04EC0-301F-11D3-BF4B-00C04F79EFBC}") = "RollABall", "RollABall\RollABall.csproj", "{9A513B19-3E02-41BF-8968-58BC58B0A6B3}"
EndProject
Project("{2150E333-8FDC-42A3-9474-1A3956D46DE8}") = ".nuget", ".nuget", "{32F48F95-DDF4-4665-B280-8E497619D8EE}"
	ProjectSection(SolutionItems) = preProject
		.nuget\NuGet.Config = .nuget\NuGet.Config
		.nuget\NuGet.exe = .nuget\NuGet.exe
		.nuget\NuGet.targets = .nuget\NuGet.targets
	EndProjectSection
EndProject
Project("{FAE04EC0-301F-11D3-BF4B-00C04F79EFBC}") = "AppboyUI.Universal", "appboy-windows-universal-ui-master\AppboyUI.Universal.csproj", "{AFF6CB75-D9A3-4AA6-8BCF-3DC78B1B1878}"
EndProject
Global
	GlobalSection(SolutionConfigurationPlatforms) = preSolution
		AppboyDebug|Any CPU = AppboyDebug|Any CPU
		AppboyDebug|ARM = AppboyDebug|ARM
		AppboyDebug|x64 = AppboyDebug|x64
		AppboyDebug|x86 = AppboyDebug|x86
		AppboyRelease|Any CPU = AppboyRelease|Any CPU
		AppboyRelease|ARM = AppboyRelease|ARM
		AppboyRelease|x64 = AppboyRelease|x64
		AppboyRelease|x86 = AppboyRelease|x86
		AppboyReleasePhone8.1|Any CPU = AppboyReleasePhone8.1|Any CPU
		AppboyReleasePhone8.1|ARM = AppboyReleasePhone8.1|ARM
		AppboyReleasePhone8.1|x64 = AppboyReleasePhone8.1|x64
		AppboyReleasePhone8.1|x86 = AppboyReleasePhone8.1|x86
		Debug|Any CPU = Debug|Any CPU
		Debug|ARM = Debug|ARM
		Debug|x64 = Debug|x64
		Debug|x86 = Debug|x86
		Master|Any CPU = Master|Any CPU
		Master|ARM = Master|ARM
		Master|x64 = Master|x64
		Master|x86 = Master|x86
		Release|Any CPU = Release|Any CPU
		Release|ARM = Release|ARM
		Release|x64 = Release|x64
		Release|x86 = Release|x86
	EndGlobalSection
	GlobalSection(ProjectConfigurationPlatforms) = postSolution
		{9A513B19-3E02-41BF-8968-58BC58B0A6B3}.AppboyDebug|Any CPU.ActiveCfg = Debug|x86
		{9A513B19-3E02-41BF-8968-58BC58B0A6B3}.AppboyDebug|ARM.ActiveCfg = Debug|ARM
		{9A513B19-3E02-41BF-8968-58BC58B0A6B3}.AppboyDebug|ARM.Build.0 = Debug|ARM
		{9A513B19-3E02-41BF-8968-58BC58B0A6B3}.AppboyDebug|ARM.Deploy.0 = Debug|ARM
		{9A513B19-3E02-41BF-8968-58BC58B0A6B3}.AppboyDebug|x64.ActiveCfg = Debug|x86
		{9A513B19-3E02-41BF-8968-58BC58B0A6B3}.AppboyDebug|x86.ActiveCfg = Debug|x86
		{9A513B19-3E02-41BF-8968-58BC58B0A6B3}.AppboyDebug|x86.Build.0 = Debug|x86
		{9A513B19-3E02-41BF-8968-58BC58B0A6B3}.AppboyDebug|x86.Deploy.0 = Debug|x86
		{9A513B19-3E02-41BF-8968-58BC58B0A6B3}.AppboyRelease|Any CPU.ActiveCfg = Release|x86
		{9A513B19-3E02-41BF-8968-58BC58B0A6B3}.AppboyRelease|ARM.ActiveCfg = Release|ARM
		{9A513B19-3E02-41BF-8968-58BC58B0A6B3}.AppboyRelease|ARM.Build.0 = Release|ARM
		{9A513B19-3E02-41BF-8968-58BC58B0A6B3}.AppboyRelease|ARM.Deploy.0 = Release|ARM
		{9A513B19-3E02-41BF-8968-58BC58B0A6B3}.AppboyRelease|x64.ActiveCfg = Release|x86
		{9A513B19-3E02-41BF-8968-58BC58B0A6B3}.AppboyRelease|x86.ActiveCfg = Release|x86
		{9A513B19-3E02-41BF-8968-58BC58B0A6B3}.AppboyRelease|x86.Build.0 = Release|x86
		{9A513B19-3E02-41BF-8968-58BC58B0A6B3}.AppboyRelease|x86.Deploy.0 = Release|x86
		{9A513B19-3E02-41BF-8968-58BC58B0A6B3}.AppboyReleasePhone8.1|Any CPU.ActiveCfg = Release|x86
		{9A513B19-3E02-41BF-8968-58BC58B0A6B3}.AppboyReleasePhone8.1|ARM.ActiveCfg = Release|ARM
		{9A513B19-3E02-41BF-8968-58BC58B0A6B3}.AppboyReleasePhone8.1|ARM.Build.0 = Release|ARM
		{9A513B19-3E02-41BF-8968-58BC58B0A6B3}.AppboyReleasePhone8.1|ARM.Deploy.0 = Release|ARM
		{9A513B19-3E02-41BF-8968-58BC58B0A6B3}.AppboyReleasePhone8.1|x64.ActiveCfg = Release|x86
		{9A513B19-3E02-41BF-8968-58BC58B0A6B3}.AppboyReleasePhone8.1|x86.ActiveCfg = Release|x86
		{9A513B19-3E02-41BF-8968-58BC58B0A6B3}.AppboyReleasePhone8.1|x86.Build.0 = Release|x86
		{9A513B19-3E02-41BF-8968-58BC58B0A6B3}.AppboyReleasePhone8.1|x86.Deploy.0 = Release|x86
		{9A513B19-3E02-41BF-8968-58BC58B0A6B3}.Debug|Any CPU.ActiveCfg = Debug|x86
		{9A513B19-3E02-41BF-8968-58BC58B0A6B3}.Debug|Any CPU.Build.0 = Debug|x86
		{9A513B19-3E02-41BF-8968-58BC58B0A6B3}.Debug|Any CPU.Deploy.0 = Debug|x86
		{9A513B19-3E02-41BF-8968-58BC58B0A6B3}.Debug|ARM.ActiveCfg = Debug|x86
		{9A513B19-3E02-41BF-8968-58BC58B0A6B3}.Debug|ARM.Build.0 = Debug|x86
		{9A513B19-3E02-41BF-8968-58BC58B0A6B3}.Debug|ARM.Deploy.0 = Debug|x86
		{9A513B19-3E02-41BF-8968-58BC58B0A6B3}.Debug|x64.ActiveCfg = Debug|x86
		{9A513B19-3E02-41BF-8968-58BC58B0A6B3}.Debug|x86.ActiveCfg = Debug|x86
		{9A513B19-3E02-41BF-8968-58BC58B0A6B3}.Debug|x86.Build.0 = Debug|x86
		{9A513B19-3E02-41BF-8968-58BC58B0A6B3}.Debug|x86.Deploy.0 = Debug|x86
		{9A513B19-3E02-41BF-8968-58BC58B0A6B3}.Master|Any CPU.ActiveCfg = Master|x86
		{9A513B19-3E02-41BF-8968-58BC58B0A6B3}.Master|ARM.ActiveCfg = Master|ARM
		{9A513B19-3E02-41BF-8968-58BC58B0A6B3}.Master|ARM.Build.0 = Master|ARM
		{9A513B19-3E02-41BF-8968-58BC58B0A6B3}.Master|ARM.Deploy.0 = Master|ARM
		{9A513B19-3E02-41BF-8968-58BC58B0A6B3}.Master|x64.ActiveCfg = Master|x86
		{9A513B19-3E02-41BF-8968-58BC58B0A6B3}.Master|x86.ActiveCfg = Master|x86
		{9A513B19-3E02-41BF-8968-58BC58B0A6B3}.Master|x86.Build.0 = Master|x86
		{9A513B19-3E02-41BF-8968-58BC58B0A6B3}.Master|x86.Deploy.0 = Master|x86
		{9A513B19-3E02-41BF-8968-58BC58B0A6B3}.Release|Any CPU.ActiveCfg = Release|x86
		{9A513B19-3E02-41BF-8968-58BC58B0A6B3}.Release|ARM.ActiveCfg = Release|ARM
		{9A513B19-3E02-41BF-8968-58BC58B0A6B3}.Release|ARM.Build.0 = Release|ARM
		{9A513B19-3E02-41BF-8968-58BC58B0A6B3}.Release|ARM.Deploy.0 = Release|ARM
		{9A513B19-3E02-41BF-8968-58BC58B0A6B3}.Release|x64.ActiveCfg = Release|x86
		{9A513B19-3E02-41BF-8968-58BC58B0A6B3}.Release|x86.ActiveCfg = Release|x86
		{9A513B19-3E02-41BF-8968-58BC58B0A6B3}.Release|x86.Build.0 = Release|x86
		{9A513B19-3E02-41BF-8968-58BC58B0A6B3}.Release|x86.Deploy.0 = Release|x86
		{AFF6CB75-D9A3-4AA6-8BCF-3DC78B1B1878}.AppboyDebug|Any CPU.ActiveCfg = AppboyDebug|Any CPU
		{AFF6CB75-D9A3-4AA6-8BCF-3DC78B1B1878}.AppboyDebug|Any CPU.Build.0 = AppboyDebug|Any CPU
		{AFF6CB75-D9A3-4AA6-8BCF-3DC78B1B1878}.AppboyDebug|ARM.ActiveCfg = AppboyDebug|ARM
		{AFF6CB75-D9A3-4AA6-8BCF-3DC78B1B1878}.AppboyDebug|ARM.Build.0 = AppboyDebug|ARM
		{AFF6CB75-D9A3-4AA6-8BCF-3DC78B1B1878}.AppboyDebug|x64.ActiveCfg = AppboyDebug|x64
		{AFF6CB75-D9A3-4AA6-8BCF-3DC78B1B1878}.AppboyDebug|x64.Build.0 = AppboyDebug|x64
		{AFF6CB75-D9A3-4AA6-8BCF-3DC78B1B1878}.AppboyDebug|x86.ActiveCfg = AppboyDebug|x86
		{AFF6CB75-D9A3-4AA6-8BCF-3DC78B1B1878}.AppboyDebug|x86.Build.0 = AppboyDebug|x86
		{AFF6CB75-D9A3-4AA6-8BCF-3DC78B1B1878}.AppboyRelease|Any CPU.ActiveCfg = AppboyRelease|Any CPU
		{AFF6CB75-D9A3-4AA6-8BCF-3DC78B1B1878}.AppboyRelease|Any CPU.Build.0 = AppboyRelease|Any CPU
		{AFF6CB75-D9A3-4AA6-8BCF-3DC78B1B1878}.AppboyRelease|ARM.ActiveCfg = AppboyRelease|ARM
		{AFF6CB75-D9A3-4AA6-8BCF-3DC78B1B1878}.AppboyRelease|ARM.Build.0 = AppboyRelease|ARM
		{AFF6CB75-D9A3-4AA6-8BCF-3DC78B1B1878}.AppboyRelease|x64.ActiveCfg = AppboyRelease|x64
		{AFF6CB75-D9A3-4AA6-8BCF-3DC78B1B1878}.AppboyRelease|x64.Build.0 = AppboyRelease|x64
		{AFF6CB75-D9A3-4AA6-8BCF-3DC78B1B1878}.AppboyRelease|x86.ActiveCfg = AppboyRelease|x86
		{AFF6CB75-D9A3-4AA6-8BCF-3DC78B1B1878}.AppboyRelease|x86.Build.0 = AppboyRelease|x86
		{AFF6CB75-D9A3-4AA6-8BCF-3DC78B1B1878}.AppboyReleasePhone8.1|Any CPU.ActiveCfg = AppboyRelease|Any CPU
		{AFF6CB75-D9A3-4AA6-8BCF-3DC78B1B1878}.AppboyReleasePhone8.1|Any CPU.Build.0 = AppboyRelease|Any CPU
		{AFF6CB75-D9A3-4AA6-8BCF-3DC78B1B1878}.AppboyReleasePhone8.1|ARM.ActiveCfg = AppboyRelease|ARM
		{AFF6CB75-D9A3-4AA6-8BCF-3DC78B1B1878}.AppboyReleasePhone8.1|ARM.Build.0 = AppboyRelease|ARM
		{AFF6CB75-D9A3-4AA6-8BCF-3DC78B1B1878}.AppboyReleasePhone8.1|x64.ActiveCfg = AppboyRelease|x64
		{AFF6CB75-D9A3-4AA6-8BCF-3DC78B1B1878}.AppboyReleasePhone8.1|x64.Build.0 = AppboyRelease|x64
		{AFF6CB75-D9A3-4AA6-8BCF-3DC78B1B1878}.AppboyReleasePhone8.1|x86.ActiveCfg = AppboyRelease|x86
		{AFF6CB75-D9A3-4AA6-8BCF-3DC78B1B1878}.AppboyReleasePhone8.1|x86.Build.0 = AppboyRelease|x86
		{AFF6CB75-D9A3-4AA6-8BCF-3DC78B1B1878}.Debug|Any CPU.ActiveCfg = Debug|Any CPU
		{AFF6CB75-D9A3-4AA6-8BCF-3DC78B1B1878}.Debug|Any CPU.Build.0 = Debug|Any CPU
		{AFF6CB75-D9A3-4AA6-8BCF-3DC78B1B1878}.Debug|ARM.ActiveCfg = Debug|Any CPU
		{AFF6CB75-D9A3-4AA6-8BCF-3DC78B1B1878}.Debug|ARM.Build.0 = Debug|Any CPU
		{AFF6CB75-D9A3-4AA6-8BCF-3DC78B1B1878}.Debug|x64.ActiveCfg = Debug|x64
		{AFF6CB75-D9A3-4AA6-8BCF-3DC78B1B1878}.Debug|x64.Build.0 = Debug|x64
		{AFF6CB75-D9A3-4AA6-8BCF-3DC78B1B1878}.Debug|x86.ActiveCfg = Debug|x86
		{AFF6CB75-D9A3-4AA6-8BCF-3DC78B1B1878}.Debug|x86.Build.0 = Debug|x86
		{AFF6CB75-D9A3-4AA6-8BCF-3DC78B1B1878}.Master|Any CPU.ActiveCfg = AppboyRelease|Any CPU
		{AFF6CB75-D9A3-4AA6-8BCF-3DC78B1B1878}.Master|Any CPU.Build.0 = AppboyRelease|Any CPU
		{AFF6CB75-D9A3-4AA6-8BCF-3DC78B1B1878}.Master|ARM.ActiveCfg = AppboyRelease|ARM
		{AFF6CB75-D9A3-4AA6-8BCF-3DC78B1B1878}.Master|ARM.Build.0 = AppboyRelease|ARM
		{AFF6CB75-D9A3-4AA6-8BCF-3DC78B1B1878}.Master|x64.ActiveCfg = AppboyRelease|x64
		{AFF6CB75-D9A3-4AA6-8BCF-3DC78B1B1878}.Master|x64.Build.0 = AppboyRelease|x64
		{AFF6CB75-D9A3-4AA6-8BCF-3DC78B1B1878}.Master|x86.ActiveCfg = AppboyRelease|x86
		{AFF6CB75-D9A3-4AA6-8BCF-3DC78B1B1878}.Master|x86.Build.0 = AppboyRelease|x86
		{AFF6CB75-D9A3-4AA6-8BCF-3DC78B1B1878}.Release|Any CPU.ActiveCfg = Release|Any CPU
		{AFF6CB75-D9A3-4AA6-8BCF-3DC78B1B1878}.Release|Any CPU.Build.0 = Release|Any CPU
		{AFF6CB75-D9A3-4AA6-8BCF-3DC78B1B1878}.Release|ARM.ActiveCfg = Release|ARM
		{AFF6CB75-D9A3-4AA6-8BCF-3DC78B1B1878}.Release|ARM.Build.0 = Release|ARM
		{AFF6CB75-D9A3-4AA6-8BCF-3DC78B1B1878}.Release|x64.ActiveCfg = Release|x64
		{AFF6CB75-D9A3-4AA6-8BCF-3DC78B1B1878}.Release|x64.Build.0 = Release|x64
		{AFF6CB75-D9A3-4AA6-8BCF-3DC78B1B1878}.Release|x86.ActiveCfg = Release|x86
		{AFF6CB75-D9A3-4AA6-8BCF-3DC78B1B1878}.Release|x86.Build.0 = Release|x86
	EndGlobalSection
	GlobalSection(SolutionProperties) = preSolution
		HideSolutionNode = FALSE
	EndGlobalSection
EndGlobal
