
Microsoft Visual Studio Solution File, Format Version 12.00
# Visual Studio 2013
VisualStudioVersion = 12.0.30626.0
MinimumVisualStudioVersion = 10.0.40219.1
Project("{FAE04EC0-301F-11D3-BF4B-00C04F79EFBC}") = "RollABall", "RollABall\RollABall.csproj", "{BB83576C-FAAA-FB4C-9DF7-8BC0DD6B2FF9}"
EndProject
Project("{2150E333-8FDC-42A3-9474-1A3956D46DE8}") = "Solution Items", "Solution Items", "{B86A63AE-4883-42E3-8C8E-C1A622DE2B87}"
EndProject
Project("{FAE04EC0-301F-11D3-BF4B-00C04F79EFBC}") = "AppboyUI.Phone", "appboy-windows-phone-ui-master\AppboyUI.Phone.csproj", "{F3F057FE-0807-43FB-B214-4E67E27D5BA6}"
EndProject
Global
	GlobalSection(SolutionConfigurationPlatforms) = preSolution
		AppboyDebug|Any CPU = AppboyDebug|Any CPU
		AppboyDebug|ARM = AppboyDebug|ARM
		AppboyDebug|x86 = AppboyDebug|x86
		AppboyDebugWindows8|Any CPU = AppboyDebugWindows8|Any CPU
		AppboyDebugWindows8|ARM = AppboyDebugWindows8|ARM
		AppboyDebugWindows8|x86 = AppboyDebugWindows8|x86
		AppboyReleasePhone|Any CPU = AppboyReleasePhone|Any CPU
		AppboyReleasePhone|ARM = AppboyReleasePhone|ARM
		AppboyReleasePhone|x86 = AppboyReleasePhone|x86
		AppboyReleasePhonePhone|Any CPU = AppboyReleasePhonePhone|Any CPU
		AppboyReleasePhonePhone|ARM = AppboyReleasePhonePhone|ARM
		AppboyReleasePhonePhone|x86 = AppboyReleasePhonePhone|x86
		AppboyReleasePhoneWindows8|Any CPU = AppboyReleasePhoneWindows8|Any CPU
		AppboyReleasePhoneWindows8|ARM = AppboyReleasePhoneWindows8|ARM
		AppboyReleasePhoneWindows8|x86 = AppboyReleasePhoneWindows8|x86
		Debug|Any CPU = Debug|Any CPU
		Debug|ARM = Debug|ARM
		Debug|x86 = Debug|x86
		Master|Any CPU = Master|Any CPU
		Master|ARM = Master|ARM
		Master|x86 = Master|x86
		Release|Any CPU = Release|Any CPU
		Release|ARM = Release|ARM
		Release|x86 = Release|x86
	EndGlobalSection
	GlobalSection(ProjectConfigurationPlatforms) = postSolution
		{BB83576C-FAAA-FB4C-9DF7-8BC0DD6B2FF9}.AppboyDebug|Any CPU.ActiveCfg = Debug|x86
		{BB83576C-FAAA-FB4C-9DF7-8BC0DD6B2FF9}.AppboyDebug|ARM.ActiveCfg = Debug|ARM
		{BB83576C-FAAA-FB4C-9DF7-8BC0DD6B2FF9}.AppboyDebug|ARM.Build.0 = Debug|ARM
		{BB83576C-FAAA-FB4C-9DF7-8BC0DD6B2FF9}.AppboyDebug|ARM.Deploy.0 = Debug|ARM
		{BB83576C-FAAA-FB4C-9DF7-8BC0DD6B2FF9}.AppboyDebug|x86.ActiveCfg = Debug|x86
		{BB83576C-FAAA-FB4C-9DF7-8BC0DD6B2FF9}.AppboyDebug|x86.Build.0 = Debug|x86
		{BB83576C-FAAA-FB4C-9DF7-8BC0DD6B2FF9}.AppboyDebug|x86.Deploy.0 = Debug|x86
		{BB83576C-FAAA-FB4C-9DF7-8BC0DD6B2FF9}.AppboyDebugWindows8|Any CPU.ActiveCfg = Debug|x86
		{BB83576C-FAAA-FB4C-9DF7-8BC0DD6B2FF9}.AppboyDebugWindows8|ARM.ActiveCfg = Debug|ARM
		{BB83576C-FAAA-FB4C-9DF7-8BC0DD6B2FF9}.AppboyDebugWindows8|ARM.Build.0 = Debug|ARM
		{BB83576C-FAAA-FB4C-9DF7-8BC0DD6B2FF9}.AppboyDebugWindows8|ARM.Deploy.0 = Debug|ARM
		{BB83576C-FAAA-FB4C-9DF7-8BC0DD6B2FF9}.AppboyDebugWindows8|x86.ActiveCfg = Debug|x86
		{BB83576C-FAAA-FB4C-9DF7-8BC0DD6B2FF9}.AppboyDebugWindows8|x86.Build.0 = Debug|x86
		{BB83576C-FAAA-FB4C-9DF7-8BC0DD6B2FF9}.AppboyDebugWindows8|x86.Deploy.0 = Debug|x86
		{BB83576C-FAAA-FB4C-9DF7-8BC0DD6B2FF9}.AppboyReleasePhone|Any CPU.ActiveCfg = Release|x86
		{BB83576C-FAAA-FB4C-9DF7-8BC0DD6B2FF9}.AppboyReleasePhone|ARM.ActiveCfg = Release|ARM
		{BB83576C-FAAA-FB4C-9DF7-8BC0DD6B2FF9}.AppboyReleasePhone|ARM.Build.0 = Release|ARM
		{BB83576C-FAAA-FB4C-9DF7-8BC0DD6B2FF9}.AppboyReleasePhone|ARM.Deploy.0 = Release|ARM
		{BB83576C-FAAA-FB4C-9DF7-8BC0DD6B2FF9}.AppboyReleasePhone|x86.ActiveCfg = Release|x86
		{BB83576C-FAAA-FB4C-9DF7-8BC0DD6B2FF9}.AppboyReleasePhone|x86.Build.0 = Release|x86
		{BB83576C-FAAA-FB4C-9DF7-8BC0DD6B2FF9}.AppboyReleasePhone|x86.Deploy.0 = Release|x86
		{BB83576C-FAAA-FB4C-9DF7-8BC0DD6B2FF9}.AppboyReleasePhonePhone|Any CPU.ActiveCfg = Release|x86
		{BB83576C-FAAA-FB4C-9DF7-8BC0DD6B2FF9}.AppboyReleasePhonePhone|ARM.ActiveCfg = Release|ARM
		{BB83576C-FAAA-FB4C-9DF7-8BC0DD6B2FF9}.AppboyReleasePhonePhone|ARM.Build.0 = Release|ARM
		{BB83576C-FAAA-FB4C-9DF7-8BC0DD6B2FF9}.AppboyReleasePhonePhone|ARM.Deploy.0 = Release|ARM
		{BB83576C-FAAA-FB4C-9DF7-8BC0DD6B2FF9}.AppboyReleasePhonePhone|x86.ActiveCfg = Release|x86
		{BB83576C-FAAA-FB4C-9DF7-8BC0DD6B2FF9}.AppboyReleasePhonePhone|x86.Build.0 = Release|x86
		{BB83576C-FAAA-FB4C-9DF7-8BC0DD6B2FF9}.AppboyReleasePhonePhone|x86.Deploy.0 = Release|x86
		{BB83576C-FAAA-FB4C-9DF7-8BC0DD6B2FF9}.AppboyReleasePhoneWindows8|Any CPU.ActiveCfg = Release|x86
		{BB83576C-FAAA-FB4C-9DF7-8BC0DD6B2FF9}.AppboyReleasePhoneWindows8|ARM.ActiveCfg = Release|ARM
		{BB83576C-FAAA-FB4C-9DF7-8BC0DD6B2FF9}.AppboyReleasePhoneWindows8|ARM.Build.0 = Release|ARM
		{BB83576C-FAAA-FB4C-9DF7-8BC0DD6B2FF9}.AppboyReleasePhoneWindows8|ARM.Deploy.0 = Release|ARM
		{BB83576C-FAAA-FB4C-9DF7-8BC0DD6B2FF9}.AppboyReleasePhoneWindows8|x86.ActiveCfg = Release|x86
		{BB83576C-FAAA-FB4C-9DF7-8BC0DD6B2FF9}.AppboyReleasePhoneWindows8|x86.Build.0 = Release|x86
		{BB83576C-FAAA-FB4C-9DF7-8BC0DD6B2FF9}.AppboyReleasePhoneWindows8|x86.Deploy.0 = Release|x86
		{BB83576C-FAAA-FB4C-9DF7-8BC0DD6B2FF9}.Debug|Any CPU.ActiveCfg = Debug|x86
		{BB83576C-FAAA-FB4C-9DF7-8BC0DD6B2FF9}.Debug|Any CPU.Build.0 = Debug|x86
		{BB83576C-FAAA-FB4C-9DF7-8BC0DD6B2FF9}.Debug|Any CPU.Deploy.0 = Debug|x86
		{BB83576C-FAAA-FB4C-9DF7-8BC0DD6B2FF9}.Debug|ARM.ActiveCfg = Debug|ARM
		{BB83576C-FAAA-FB4C-9DF7-8BC0DD6B2FF9}.Debug|ARM.Build.0 = Debug|ARM
		{BB83576C-FAAA-FB4C-9DF7-8BC0DD6B2FF9}.Debug|ARM.Deploy.0 = Debug|ARM
		{BB83576C-FAAA-FB4C-9DF7-8BC0DD6B2FF9}.Debug|x86.ActiveCfg = Debug|x86
		{BB83576C-FAAA-FB4C-9DF7-8BC0DD6B2FF9}.Debug|x86.Build.0 = Debug|x86
		{BB83576C-FAAA-FB4C-9DF7-8BC0DD6B2FF9}.Debug|x86.Deploy.0 = Debug|x86
		{BB83576C-FAAA-FB4C-9DF7-8BC0DD6B2FF9}.Master|Any CPU.ActiveCfg = Master|x86
		{BB83576C-FAAA-FB4C-9DF7-8BC0DD6B2FF9}.Master|ARM.ActiveCfg = Master|ARM
		{BB83576C-FAAA-FB4C-9DF7-8BC0DD6B2FF9}.Master|ARM.Build.0 = Master|ARM
		{BB83576C-FAAA-FB4C-9DF7-8BC0DD6B2FF9}.Master|ARM.Deploy.0 = Master|ARM
		{BB83576C-FAAA-FB4C-9DF7-8BC0DD6B2FF9}.Master|x86.ActiveCfg = Master|x86
		{BB83576C-FAAA-FB4C-9DF7-8BC0DD6B2FF9}.Master|x86.Build.0 = Master|x86
		{BB83576C-FAAA-FB4C-9DF7-8BC0DD6B2FF9}.Master|x86.Deploy.0 = Master|x86
		{BB83576C-FAAA-FB4C-9DF7-8BC0DD6B2FF9}.Release|Any CPU.ActiveCfg = Release|x86
		{BB83576C-FAAA-FB4C-9DF7-8BC0DD6B2FF9}.Release|Any CPU.Build.0 = Release|x86
		{BB83576C-FAAA-FB4C-9DF7-8BC0DD6B2FF9}.Release|Any CPU.Deploy.0 = Release|x86
		{BB83576C-FAAA-FB4C-9DF7-8BC0DD6B2FF9}.Release|ARM.ActiveCfg = Release|ARM
		{BB83576C-FAAA-FB4C-9DF7-8BC0DD6B2FF9}.Release|ARM.Build.0 = Release|ARM
		{BB83576C-FAAA-FB4C-9DF7-8BC0DD6B2FF9}.Release|ARM.Deploy.0 = Release|ARM
		{BB83576C-FAAA-FB4C-9DF7-8BC0DD6B2FF9}.Release|x86.ActiveCfg = Release|x86
		{BB83576C-FAAA-FB4C-9DF7-8BC0DD6B2FF9}.Release|x86.Build.0 = Release|x86
		{BB83576C-FAAA-FB4C-9DF7-8BC0DD6B2FF9}.Release|x86.Deploy.0 = Release|x86
		{F3F057FE-0807-43FB-B214-4E67E27D5BA6}.AppboyDebug|Any CPU.ActiveCfg = AppboyDebug|Any CPU
		{F3F057FE-0807-43FB-B214-4E67E27D5BA6}.AppboyDebug|Any CPU.Build.0 = AppboyDebug|Any CPU
		{F3F057FE-0807-43FB-B214-4E67E27D5BA6}.AppboyDebug|ARM.ActiveCfg = AppboyDebug|ARM
		{F3F057FE-0807-43FB-B214-4E67E27D5BA6}.AppboyDebug|ARM.Build.0 = AppboyDebug|ARM
		{F3F057FE-0807-43FB-B214-4E67E27D5BA6}.AppboyDebug|x86.ActiveCfg = AppboyDebug|x86
		{F3F057FE-0807-43FB-B214-4E67E27D5BA6}.AppboyDebug|x86.Build.0 = AppboyDebug|x86
		{F3F057FE-0807-43FB-B214-4E67E27D5BA6}.AppboyDebugWindows8|Any CPU.ActiveCfg = AppboyDebugWindows8|Any CPU
		{F3F057FE-0807-43FB-B214-4E67E27D5BA6}.AppboyDebugWindows8|Any CPU.Build.0 = AppboyDebugWindows8|Any CPU
		{F3F057FE-0807-43FB-B214-4E67E27D5BA6}.AppboyDebugWindows8|ARM.ActiveCfg = AppboyDebugWindows8|ARM
		{F3F057FE-0807-43FB-B214-4E67E27D5BA6}.AppboyDebugWindows8|ARM.Build.0 = AppboyDebugWindows8|ARM
		{F3F057FE-0807-43FB-B214-4E67E27D5BA6}.AppboyDebugWindows8|x86.ActiveCfg = AppboyDebugWindows8|x86
		{F3F057FE-0807-43FB-B214-4E67E27D5BA6}.AppboyDebugWindows8|x86.Build.0 = AppboyDebugWindows8|x86
		{F3F057FE-0807-43FB-B214-4E67E27D5BA6}.AppboyReleasePhone|Any CPU.ActiveCfg = AppboyReleasePhone|Any CPU
		{F3F057FE-0807-43FB-B214-4E67E27D5BA6}.AppboyReleasePhone|Any CPU.Build.0 = AppboyReleasePhone|Any CPU
		{F3F057FE-0807-43FB-B214-4E67E27D5BA6}.AppboyReleasePhone|ARM.ActiveCfg = AppboyReleasePhone|ARM
		{F3F057FE-0807-43FB-B214-4E67E27D5BA6}.AppboyReleasePhone|ARM.Build.0 = AppboyReleasePhone|ARM
		{F3F057FE-0807-43FB-B214-4E67E27D5BA6}.AppboyReleasePhone|x86.ActiveCfg = AppboyReleasePhone|x86
		{F3F057FE-0807-43FB-B214-4E67E27D5BA6}.AppboyReleasePhone|x86.Build.0 = AppboyReleasePhone|x86
		{F3F057FE-0807-43FB-B214-4E67E27D5BA6}.AppboyReleasePhonePhone|Any CPU.ActiveCfg = AppboyReleasePhonePhone|Any CPU
		{F3F057FE-0807-43FB-B214-4E67E27D5BA6}.AppboyReleasePhonePhone|Any CPU.Build.0 = AppboyReleasePhonePhone|Any CPU
		{F3F057FE-0807-43FB-B214-4E67E27D5BA6}.AppboyReleasePhonePhone|ARM.ActiveCfg = AppboyReleasePhonePhone|ARM
		{F3F057FE-0807-43FB-B214-4E67E27D5BA6}.AppboyReleasePhonePhone|ARM.Build.0 = AppboyReleasePhonePhone|ARM
		{F3F057FE-0807-43FB-B214-4E67E27D5BA6}.AppboyReleasePhonePhone|x86.ActiveCfg = AppboyReleasePhonePhone|x86
		{F3F057FE-0807-43FB-B214-4E67E27D5BA6}.AppboyReleasePhonePhone|x86.Build.0 = AppboyReleasePhonePhone|x86
		{F3F057FE-0807-43FB-B214-4E67E27D5BA6}.AppboyReleasePhoneWindows8|Any CPU.ActiveCfg = AppboyReleasePhoneWindows8|Any CPU
		{F3F057FE-0807-43FB-B214-4E67E27D5BA6}.AppboyReleasePhoneWindows8|Any CPU.Build.0 = AppboyReleasePhoneWindows8|Any CPU
		{F3F057FE-0807-43FB-B214-4E67E27D5BA6}.AppboyReleasePhoneWindows8|ARM.ActiveCfg = AppboyReleasePhoneWindows8|ARM
		{F3F057FE-0807-43FB-B214-4E67E27D5BA6}.AppboyReleasePhoneWindows8|ARM.Build.0 = AppboyReleasePhoneWindows8|ARM
		{F3F057FE-0807-43FB-B214-4E67E27D5BA6}.AppboyReleasePhoneWindows8|x86.ActiveCfg = AppboyReleasePhoneWindows8|x86
		{F3F057FE-0807-43FB-B214-4E67E27D5BA6}.AppboyReleasePhoneWindows8|x86.Build.0 = AppboyReleasePhoneWindows8|x86
		{F3F057FE-0807-43FB-B214-4E67E27D5BA6}.Debug|Any CPU.ActiveCfg = Debug|Any CPU
		{F3F057FE-0807-43FB-B214-4E67E27D5BA6}.Debug|Any CPU.Build.0 = Debug|Any CPU
		{F3F057FE-0807-43FB-B214-4E67E27D5BA6}.Debug|ARM.ActiveCfg = Debug|ARM
		{F3F057FE-0807-43FB-B214-4E67E27D5BA6}.Debug|ARM.Build.0 = Debug|ARM
		{F3F057FE-0807-43FB-B214-4E67E27D5BA6}.Debug|x86.ActiveCfg = Debug|x86
		{F3F057FE-0807-43FB-B214-4E67E27D5BA6}.Debug|x86.Build.0 = Debug|x86
		{F3F057FE-0807-43FB-B214-4E67E27D5BA6}.Master|Any CPU.ActiveCfg = AppboyReleasePhonePhone|Any CPU
		{F3F057FE-0807-43FB-B214-4E67E27D5BA6}.Master|Any CPU.Build.0 = AppboyReleasePhonePhone|Any CPU
		{F3F057FE-0807-43FB-B214-4E67E27D5BA6}.Master|ARM.ActiveCfg = AppboyReleasePhonePhone|ARM
		{F3F057FE-0807-43FB-B214-4E67E27D5BA6}.Master|ARM.Build.0 = AppboyReleasePhonePhone|ARM
		{F3F057FE-0807-43FB-B214-4E67E27D5BA6}.Master|x86.ActiveCfg = AppboyReleasePhonePhone|x86
		{F3F057FE-0807-43FB-B214-4E67E27D5BA6}.Master|x86.Build.0 = AppboyReleasePhonePhone|x86
		{F3F057FE-0807-43FB-B214-4E67E27D5BA6}.Release|Any CPU.ActiveCfg = Release|Any CPU
		{F3F057FE-0807-43FB-B214-4E67E27D5BA6}.Release|Any CPU.Build.0 = Release|Any CPU
		{F3F057FE-0807-43FB-B214-4E67E27D5BA6}.Release|ARM.ActiveCfg = Release|ARM
		{F3F057FE-0807-43FB-B214-4E67E27D5BA6}.Release|ARM.Build.0 = Release|ARM
		{F3F057FE-0807-43FB-B214-4E67E27D5BA6}.Release|x86.ActiveCfg = Release|x86
		{F3F057FE-0807-43FB-B214-4E67E27D5BA6}.Release|x86.Build.0 = Release|x86
	EndGlobalSection
	GlobalSection(SolutionProperties) = preSolution
		HideSolutionNode = FALSE
	EndGlobalSection
EndGlobal
